
Microsoft Visual Studio Solution File, Format Version 12.00
# Visual Studio Version 17
VisualStudioVersion = 17.13.35913.81 d17.13
MinimumVisualStudioVersion = 10.0.40219.1
Project("{FAE04EC0-301F-11D3-BF4B-00C04F79EFBC}") = "FoodDelivery.APIGateway", "FoodDelivery.APIGateway\FoodDelivery.APIGateway.csproj", "{AB57A091-56FC-4265-8528-F107055AB612}"
EndProject
Project("{2150E333-8FDC-42A3-9474-1A3956D46DE8}") = "Services", "Services", "{02EA681E-C7D8-13C7-8484-4AC65E1B71E8}"
EndProject
Project("{FAE04EC0-301F-11D3-BF4B-00C04F79EFBC}") = "ResturantService.API", "ResturantService.API\ResturantService.API.csproj", "{461FCE13-75E7-456D-8218-506254163FE1}"
EndProject
Global
	GlobalSection(SolutionConfigurationPlatforms) = preSolution
		Debug|Any CPU = Debug|Any CPU
		Release|Any CPU = Release|Any CPU
	EndGlobalSection
	GlobalSection(ProjectConfigurationPlatforms) = postSolution
		{AB57A091-56FC-4265-8528-F107055AB612}.Debug|Any CPU.ActiveCfg = Debug|Any CPU
		{AB57A091-56FC-4265-8528-F107055AB612}.Debug|Any CPU.Build.0 = Debug|Any CPU
		{AB57A091-56FC-4265-8528-F107055AB612}.Release|Any CPU.ActiveCfg = Release|Any CPU
		{AB57A091-56FC-4265-8528-F107055AB612}.Release|Any CPU.Build.0 = Release|Any CPU
		{461FCE13-75E7-456D-8218-506254163FE1}.Debug|Any CPU.ActiveCfg = Debug|Any CPU
		{461FCE13-75E7-456D-8218-506254163FE1}.Debug|Any CPU.Build.0 = Debug|Any CPU
		{461FCE13-75E7-456D-8218-506254163FE1}.Release|Any CPU.ActiveCfg = Release|Any CPU
		{461FCE13-75E7-456D-8218-506254163FE1}.Release|Any CPU.Build.0 = Release|Any CPU
	EndGlobalSection
	GlobalSection(SolutionProperties) = preSolution
		HideSolutionNode = FALSE
	EndGlobalSection
	GlobalSection(NestedProjects) = preSolution
		{461FCE13-75E7-456D-8218-506254163FE1} = {02EA681E-C7D8-13C7-8484-4AC65E1B71E8}
	EndGlobalSection
	GlobalSection(ExtensibilityGlobals) = postSolution
		SolutionGuid = {4A5FC6F3-3B07-4806-8D23-B98987DAD5D6}
	EndGlobalSection
EndGlobal
